
Microsoft Visual Studio Solution File, Format Version 12.00
# Visual Studio Version 17
VisualStudioVersion = 17.11.35327.3
MinimumVisualStudioVersion = 10.0.40219.1
Project("{FAE04EC0-301F-11D3-BF4B-00C04F79EFBC}") = "WinFormsDosFormas", "WinFormsDosFormas\WinFormsDosFormas.csproj", "{4277322A-EAB4-4703-8753-5CC4E2399421}"
EndProject
Global
	GlobalSection(SolutionConfigurationPlatforms) = preSolution
		Debug|Any CPU = Debug|Any CPU
		Release|Any CPU = Release|Any CPU
	EndGlobalSection
	GlobalSection(ProjectConfigurationPlatforms) = postSolution
		{4277322A-EAB4-4703-8753-5CC4E2399421}.Debug|Any CPU.ActiveCfg = Debug|Any CPU
		{4277322A-EAB4-4703-8753-5CC4E2399421}.Debug|Any CPU.Build.0 = Debug|Any CPU
		{4277322A-EAB4-4703-8753-5CC4E2399421}.Release|Any CPU.ActiveCfg = Release|Any CPU
		{4277322A-EAB4-4703-8753-5CC4E2399421}.Release|Any CPU.Build.0 = Release|Any CPU
	EndGlobalSection
	GlobalSection(SolutionProperties) = preSolution
		HideSolutionNode = FALSE
	EndGlobalSection
	GlobalSection(ExtensibilityGlobals) = postSolution
		SolutionGuid = {2FC73794-647D-4A7A-8AE3-FB9E10170EA4}
	EndGlobalSection
EndGlobal
